
Microsoft Visual Studio Solution File, Format Version 12.00
# Visual Studio Version 17
VisualStudioVersion = 17.14.36127.28 d17.14
MinimumVisualStudioVersion = 10.0.40219.1
Project("{FAE04EC0-301F-11D3-BF4B-00C04F79EFBC}") = "tldinventorymod", "tldinventorymod\tldinventorymod.csproj", "{CA14B059-35E5-489B-A412-A44F7C7E7923}"
EndProject
Global
	GlobalSection(SolutionConfigurationPlatforms) = preSolution
		Debug|Any CPU = Debug|Any CPU
		Debug|x64 = Debug|x64
		Release|Any CPU = Release|Any CPU
		Release|x64 = Release|x64
	EndGlobalSection
	GlobalSection(ProjectConfigurationPlatforms) = postSolution
		{CA14B059-35E5-489B-A412-A44F7C7E7923}.Debug|Any CPU.ActiveCfg = Debug|Any CPU
		{CA14B059-35E5-489B-A412-A44F7C7E7923}.Debug|Any CPU.Build.0 = Debug|Any CPU
		{CA14B059-35E5-489B-A412-A44F7C7E7923}.Debug|x64.ActiveCfg = Debug|x64
		{CA14B059-35E5-489B-A412-A44F7C7E7923}.Debug|x64.Build.0 = Debug|x64
		{CA14B059-35E5-489B-A412-A44F7C7E7923}.Release|Any CPU.ActiveCfg = Release|Any CPU
		{CA14B059-35E5-489B-A412-A44F7C7E7923}.Release|Any CPU.Build.0 = Release|Any CPU
		{CA14B059-35E5-489B-A412-A44F7C7E7923}.Release|x64.ActiveCfg = Release|x64
		{CA14B059-35E5-489B-A412-A44F7C7E7923}.Release|x64.Build.0 = Release|x64
	EndGlobalSection
	GlobalSection(SolutionProperties) = preSolution
		HideSolutionNode = FALSE
	EndGlobalSection
	GlobalSection(ExtensibilityGlobals) = postSolution
		SolutionGuid = {53BF3AFC-3EE5-4F26-8103-0090712BC41A}
	EndGlobalSection
EndGlobal
